
Microsoft Visual Studio Solution File, Format Version 12.00
# Visual Studio 15
VisualStudioVersion = 15.0.27004.2009
MinimumVisualStudioVersion = 10.0.40219.1
Project("{9A19103F-16F7-4668-BE54-9A1E7A4F7556}") = "BeeGraph.Data", "BeeGraph.Data\BeeGraph.Data.csproj", "{F327339C-BBF5-4C3E-835F-BFCADB9BAABA}"
EndProject
Project("{9A19103F-16F7-4668-BE54-9A1E7A4F7556}") = "BeeGraph.Tests", "BeeGraph.Tests\BeeGraph.Tests.csproj", "{3DF66A0C-DF0F-4E11-97C4-B81A37EA6D10}"
EndProject
Project("{FAE04EC0-301F-11D3-BF4B-00C04F79EFBC}") = "BeeGraph.Infrastructure", "BeeGraph.Infrastructure\BeeGraph.Infrastructure.csproj", "{D617B38F-972F-4938-8EA1-E38824D83044}"
EndProject
Project("{FAE04EC0-301F-11D3-BF4B-00C04F79EFBC}") = "BeeGraph.Core", "BeeGraph.Core\BeeGraph.Core.csproj", "{1A4E52AD-A7D0-42E9-AFF5-FD3B8C8F722E}"
EndProject
Project("{FAE04EC0-301F-11D3-BF4B-00C04F79EFBC}") = "BeeGraph.IoC", "BeeGraph.IoC\BeeGraph.IoC.csproj", "{8F7E41B0-6321-401A-AFD4-4ABE967DEAB8}"
EndProject
Project("{FAE04EC0-301F-11D3-BF4B-00C04F79EFBC}") = "BeeGraph.Console", "BeeGraph.Console\BeeGraph.Console.csproj", "{C48D03D7-8B59-48E9-828A-7E9C93EA41F6}"
EndProject
Global
	GlobalSection(SolutionConfigurationPlatforms) = preSolution
		Debug|Any CPU = Debug|Any CPU
		Release|Any CPU = Release|Any CPU
	EndGlobalSection
	GlobalSection(ProjectConfigurationPlatforms) = postSolution
		{F327339C-BBF5-4C3E-835F-BFCADB9BAABA}.Debug|Any CPU.ActiveCfg = Debug|Any CPU
		{F327339C-BBF5-4C3E-835F-BFCADB9BAABA}.Debug|Any CPU.Build.0 = Debug|Any CPU
		{F327339C-BBF5-4C3E-835F-BFCADB9BAABA}.Release|Any CPU.ActiveCfg = Release|Any CPU
		{F327339C-BBF5-4C3E-835F-BFCADB9BAABA}.Release|Any CPU.Build.0 = Release|Any CPU
		{3DF66A0C-DF0F-4E11-97C4-B81A37EA6D10}.Debug|Any CPU.ActiveCfg = Debug|Any CPU
		{3DF66A0C-DF0F-4E11-97C4-B81A37EA6D10}.Debug|Any CPU.Build.0 = Debug|Any CPU
		{3DF66A0C-DF0F-4E11-97C4-B81A37EA6D10}.Release|Any CPU.ActiveCfg = Release|Any CPU
		{3DF66A0C-DF0F-4E11-97C4-B81A37EA6D10}.Release|Any CPU.Build.0 = Release|Any CPU
		{D617B38F-972F-4938-8EA1-E38824D83044}.Debug|Any CPU.ActiveCfg = Debug|Any CPU
		{D617B38F-972F-4938-8EA1-E38824D83044}.Debug|Any CPU.Build.0 = Debug|Any CPU
		{D617B38F-972F-4938-8EA1-E38824D83044}.Release|Any CPU.ActiveCfg = Release|Any CPU
		{D617B38F-972F-4938-8EA1-E38824D83044}.Release|Any CPU.Build.0 = Release|Any CPU
		{1A4E52AD-A7D0-42E9-AFF5-FD3B8C8F722E}.Debug|Any CPU.ActiveCfg = Debug|Any CPU
		{1A4E52AD-A7D0-42E9-AFF5-FD3B8C8F722E}.Debug|Any CPU.Build.0 = Debug|Any CPU
		{1A4E52AD-A7D0-42E9-AFF5-FD3B8C8F722E}.Release|Any CPU.ActiveCfg = Release|Any CPU
		{1A4E52AD-A7D0-42E9-AFF5-FD3B8C8F722E}.Release|Any CPU.Build.0 = Release|Any CPU
		{8F7E41B0-6321-401A-AFD4-4ABE967DEAB8}.Debug|Any CPU.ActiveCfg = Debug|Any CPU
		{8F7E41B0-6321-401A-AFD4-4ABE967DEAB8}.Debug|Any CPU.Build.0 = Debug|Any CPU
		{8F7E41B0-6321-401A-AFD4-4ABE967DEAB8}.Release|Any CPU.ActiveCfg = Release|Any CPU
		{8F7E41B0-6321-401A-AFD4-4ABE967DEAB8}.Release|Any CPU.Build.0 = Release|Any CPU
		{C48D03D7-8B59-48E9-828A-7E9C93EA41F6}.Debug|Any CPU.ActiveCfg = Debug|Any CPU
		{C48D03D7-8B59-48E9-828A-7E9C93EA41F6}.Debug|Any CPU.Build.0 = Debug|Any CPU
		{C48D03D7-8B59-48E9-828A-7E9C93EA41F6}.Release|Any CPU.ActiveCfg = Release|Any CPU
		{C48D03D7-8B59-48E9-828A-7E9C93EA41F6}.Release|Any CPU.Build.0 = Release|Any CPU
	EndGlobalSection
	GlobalSection(SolutionProperties) = preSolution
		HideSolutionNode = FALSE
	EndGlobalSection
	GlobalSection(ExtensibilityGlobals) = postSolution
		SolutionGuid = {44858D75-44A3-4B09-95A6-EBC6CB3A4CFA}
	EndGlobalSection
EndGlobal
