
Microsoft Visual Studio Solution File, Format Version 12.00
# Visual Studio 15
VisualStudioVersion = 15.0.27004.2009
MinimumVisualStudioVersion = 10.0.40219.1
Project("{9A19103F-16F7-4668-BE54-9A1E7A4F7556}") = "BeeGraph", "BeeGraph\BeeGraph.csproj", "{AE4F3E94-D797-4F0B-90D9-73F59D83D1AA}"
EndProject
Project("{FAE04EC0-301F-11D3-BF4B-00C04F79EFBC}") = "BeeGraph.Data", "BeeGraph.Data\BeeGraph.Data.csproj", "{F327339C-BBF5-4C3E-835F-BFCADB9BAABA}"
EndProject
Project("{FAE04EC0-301F-11D3-BF4B-00C04F79EFBC}") = "BeeGraph.Tests", "BeeGraph.Tests\BeeGraph.Tests.csproj", "{3DF66A0C-DF0F-4E11-97C4-B81A37EA6D10}"
EndProject
Global
	GlobalSection(SolutionConfigurationPlatforms) = preSolution
		Debug|Any CPU = Debug|Any CPU
		Release|Any CPU = Release|Any CPU
	EndGlobalSection
	GlobalSection(ProjectConfigurationPlatforms) = postSolution
		{AE4F3E94-D797-4F0B-90D9-73F59D83D1AA}.Debug|Any CPU.ActiveCfg = Debug|Any CPU
		{AE4F3E94-D797-4F0B-90D9-73F59D83D1AA}.Debug|Any CPU.Build.0 = Debug|Any CPU
		{AE4F3E94-D797-4F0B-90D9-73F59D83D1AA}.Release|Any CPU.ActiveCfg = Release|Any CPU
		{AE4F3E94-D797-4F0B-90D9-73F59D83D1AA}.Release|Any CPU.Build.0 = Release|Any CPU
		{F327339C-BBF5-4C3E-835F-BFCADB9BAABA}.Debug|Any CPU.ActiveCfg = Debug|Any CPU
		{F327339C-BBF5-4C3E-835F-BFCADB9BAABA}.Debug|Any CPU.Build.0 = Debug|Any CPU
		{F327339C-BBF5-4C3E-835F-BFCADB9BAABA}.Release|Any CPU.ActiveCfg = Release|Any CPU
		{F327339C-BBF5-4C3E-835F-BFCADB9BAABA}.Release|Any CPU.Build.0 = Release|Any CPU
		{3DF66A0C-DF0F-4E11-97C4-B81A37EA6D10}.Debug|Any CPU.ActiveCfg = Debug|Any CPU
		{3DF66A0C-DF0F-4E11-97C4-B81A37EA6D10}.Debug|Any CPU.Build.0 = Debug|Any CPU
		{3DF66A0C-DF0F-4E11-97C4-B81A37EA6D10}.Release|Any CPU.ActiveCfg = Release|Any CPU
		{3DF66A0C-DF0F-4E11-97C4-B81A37EA6D10}.Release|Any CPU.Build.0 = Release|Any CPU
	EndGlobalSection
	GlobalSection(SolutionProperties) = preSolution
		HideSolutionNode = FALSE
	EndGlobalSection
	GlobalSection(ExtensibilityGlobals) = postSolution
		SolutionGuid = {44858D75-44A3-4B09-95A6-EBC6CB3A4CFA}
	EndGlobalSection
EndGlobal
