
Microsoft Visual Studio Solution File, Format Version 12.00
# Visual Studio 15
VisualStudioVersion = 15.0.27004.2009
MinimumVisualStudioVersion = 10.0.40219.1
Project("{2150E333-8FDC-42A3-9474-1A3956D46DE8}") = "Core", "Core", "{A3B9DE5A-50D6-4D5E-8304-DDF934ABF06B}"
EndProject
Project("{9A19103F-16F7-4668-BE54-9A1E7A4F7556}") = "BeeGraph.Core", "..\Core\BeeGraph.Core\BeeGraph.Core.csproj", "{E0454A2A-E628-404E-BE2A-F225B31ABC88}"
EndProject
Project("{9A19103F-16F7-4668-BE54-9A1E7A4F7556}") = "BeeGraph.Data", "..\Core\BeeGraph.Data\BeeGraph.Data.csproj", "{795BC55C-E99B-49EC-A00B-238C7D4A3A4D}"
EndProject
Project("{9A19103F-16F7-4668-BE54-9A1E7A4F7556}") = "BeeGraph.Infrastructure", "..\Core\BeeGraph.Infrastructure\BeeGraph.Infrastructure.csproj", "{01D15C81-78C1-4C35-B6E8-E8447254D069}"
EndProject
Project("{9A19103F-16F7-4668-BE54-9A1E7A4F7556}") = "BeeGraph.IoC", "..\Core\BeeGraph.IoC\BeeGraph.IoC.csproj", "{5B03737F-3AAC-4C96-8970-C58FA4D21897}"
EndProject
Project("{9A19103F-16F7-4668-BE54-9A1E7A4F7556}") = "BeeGraph.Tests", "..\Core\BeeGraph.Tests\BeeGraph.Tests.csproj", "{03AC573C-8C50-46B7-9FC2-B84CE7C662F8}"
EndProject
Project("{FAE04EC0-301F-11D3-BF4B-00C04F79EFBC}") = "BeeGraph.Editor", "BeeGraph.Editor\BeeGraph.Editor.csproj", "{AE0D8B1E-18CE-4625-840A-F100E54507F6}"
EndProject
Global
	GlobalSection(SolutionConfigurationPlatforms) = preSolution
		Debug|Any CPU = Debug|Any CPU
		Release|Any CPU = Release|Any CPU
	EndGlobalSection
	GlobalSection(ProjectConfigurationPlatforms) = postSolution
		{E0454A2A-E628-404E-BE2A-F225B31ABC88}.Debug|Any CPU.ActiveCfg = Debug|Any CPU
		{E0454A2A-E628-404E-BE2A-F225B31ABC88}.Debug|Any CPU.Build.0 = Debug|Any CPU
		{E0454A2A-E628-404E-BE2A-F225B31ABC88}.Release|Any CPU.ActiveCfg = Release|Any CPU
		{E0454A2A-E628-404E-BE2A-F225B31ABC88}.Release|Any CPU.Build.0 = Release|Any CPU
		{795BC55C-E99B-49EC-A00B-238C7D4A3A4D}.Debug|Any CPU.ActiveCfg = Debug|Any CPU
		{795BC55C-E99B-49EC-A00B-238C7D4A3A4D}.Debug|Any CPU.Build.0 = Debug|Any CPU
		{795BC55C-E99B-49EC-A00B-238C7D4A3A4D}.Release|Any CPU.ActiveCfg = Release|Any CPU
		{795BC55C-E99B-49EC-A00B-238C7D4A3A4D}.Release|Any CPU.Build.0 = Release|Any CPU
		{01D15C81-78C1-4C35-B6E8-E8447254D069}.Debug|Any CPU.ActiveCfg = Debug|Any CPU
		{01D15C81-78C1-4C35-B6E8-E8447254D069}.Debug|Any CPU.Build.0 = Debug|Any CPU
		{01D15C81-78C1-4C35-B6E8-E8447254D069}.Release|Any CPU.ActiveCfg = Release|Any CPU
		{01D15C81-78C1-4C35-B6E8-E8447254D069}.Release|Any CPU.Build.0 = Release|Any CPU
		{5B03737F-3AAC-4C96-8970-C58FA4D21897}.Debug|Any CPU.ActiveCfg = Debug|Any CPU
		{5B03737F-3AAC-4C96-8970-C58FA4D21897}.Debug|Any CPU.Build.0 = Debug|Any CPU
		{5B03737F-3AAC-4C96-8970-C58FA4D21897}.Release|Any CPU.ActiveCfg = Release|Any CPU
		{5B03737F-3AAC-4C96-8970-C58FA4D21897}.Release|Any CPU.Build.0 = Release|Any CPU
		{03AC573C-8C50-46B7-9FC2-B84CE7C662F8}.Debug|Any CPU.ActiveCfg = Debug|Any CPU
		{03AC573C-8C50-46B7-9FC2-B84CE7C662F8}.Debug|Any CPU.Build.0 = Debug|Any CPU
		{03AC573C-8C50-46B7-9FC2-B84CE7C662F8}.Release|Any CPU.ActiveCfg = Release|Any CPU
		{03AC573C-8C50-46B7-9FC2-B84CE7C662F8}.Release|Any CPU.Build.0 = Release|Any CPU
		{AE0D8B1E-18CE-4625-840A-F100E54507F6}.Debug|Any CPU.ActiveCfg = Debug|Any CPU
		{AE0D8B1E-18CE-4625-840A-F100E54507F6}.Debug|Any CPU.Build.0 = Debug|Any CPU
		{AE0D8B1E-18CE-4625-840A-F100E54507F6}.Release|Any CPU.ActiveCfg = Release|Any CPU
		{AE0D8B1E-18CE-4625-840A-F100E54507F6}.Release|Any CPU.Build.0 = Release|Any CPU
	EndGlobalSection
	GlobalSection(SolutionProperties) = preSolution
		HideSolutionNode = FALSE
	EndGlobalSection
	GlobalSection(NestedProjects) = preSolution
		{E0454A2A-E628-404E-BE2A-F225B31ABC88} = {A3B9DE5A-50D6-4D5E-8304-DDF934ABF06B}
		{795BC55C-E99B-49EC-A00B-238C7D4A3A4D} = {A3B9DE5A-50D6-4D5E-8304-DDF934ABF06B}
		{01D15C81-78C1-4C35-B6E8-E8447254D069} = {A3B9DE5A-50D6-4D5E-8304-DDF934ABF06B}
		{5B03737F-3AAC-4C96-8970-C58FA4D21897} = {A3B9DE5A-50D6-4D5E-8304-DDF934ABF06B}
		{03AC573C-8C50-46B7-9FC2-B84CE7C662F8} = {A3B9DE5A-50D6-4D5E-8304-DDF934ABF06B}
	EndGlobalSection
	GlobalSection(ExtensibilityGlobals) = postSolution
		SolutionGuid = {B1622AAA-7AD7-41D7-A870-D49FD13991EF}
	EndGlobalSection
EndGlobal
